
Microsoft Visual Studio Solution File, Format Version 12.00
# Visual Studio Version 17
VisualStudioVersion = 17.11.35327.3
MinimumVisualStudioVersion = 10.0.40219.1
Project("{FAE04EC0-301F-11D3-BF4B-00C04F79EFBC}") = "WebApplication1", "WebApplication1\WebApplication1.csproj", "{29464EBE-0379-4174-8C9B-6C61E0609B6D}"
EndProject
Project("{FAE04EC0-301F-11D3-BF4B-00C04F79EFBC}") = "MovieStoreb.Models", "MovieStoreb.Models\MovieStoreb.Models.csproj", "{50212B66-0F19-49BD-9DE6-3DD7FA7BC6ED}"
EndProject
Project("{FAE04EC0-301F-11D3-BF4B-00C04F79EFBC}") = "MovieStoreb.Datalayer", "MovieStoreb.Datalayer\MovieStoreb.Datalayer.csproj", "{C60886AF-1342-44E2-95EF-D9D0F0D21A31}"
EndProject
Project("{FAE04EC0-301F-11D3-BF4B-00C04F79EFBC}") = "MovieStoreb.BussinesLayer", "MovieStoreb.BussinesLayer\MovieStoreb.BussinesLayer.csproj", "{B8BAE27A-0A52-4C1A-BDC4-DCAC21C99C03}"
EndProject
Global
	GlobalSection(SolutionConfigurationPlatforms) = preSolution
		Debug|Any CPU = Debug|Any CPU
		Release|Any CPU = Release|Any CPU
	EndGlobalSection
	GlobalSection(ProjectConfigurationPlatforms) = postSolution
		{29464EBE-0379-4174-8C9B-6C61E0609B6D}.Debug|Any CPU.ActiveCfg = Debug|Any CPU
		{29464EBE-0379-4174-8C9B-6C61E0609B6D}.Debug|Any CPU.Build.0 = Debug|Any CPU
		{29464EBE-0379-4174-8C9B-6C61E0609B6D}.Release|Any CPU.ActiveCfg = Release|Any CPU
		{29464EBE-0379-4174-8C9B-6C61E0609B6D}.Release|Any CPU.Build.0 = Release|Any CPU
		{50212B66-0F19-49BD-9DE6-3DD7FA7BC6ED}.Debug|Any CPU.ActiveCfg = Debug|Any CPU
		{50212B66-0F19-49BD-9DE6-3DD7FA7BC6ED}.Debug|Any CPU.Build.0 = Debug|Any CPU
		{50212B66-0F19-49BD-9DE6-3DD7FA7BC6ED}.Release|Any CPU.ActiveCfg = Release|Any CPU
		{50212B66-0F19-49BD-9DE6-3DD7FA7BC6ED}.Release|Any CPU.Build.0 = Release|Any CPU
		{C60886AF-1342-44E2-95EF-D9D0F0D21A31}.Debug|Any CPU.ActiveCfg = Debug|Any CPU
		{C60886AF-1342-44E2-95EF-D9D0F0D21A31}.Debug|Any CPU.Build.0 = Debug|Any CPU
		{C60886AF-1342-44E2-95EF-D9D0F0D21A31}.Release|Any CPU.ActiveCfg = Release|Any CPU
		{C60886AF-1342-44E2-95EF-D9D0F0D21A31}.Release|Any CPU.Build.0 = Release|Any CPU
		{B8BAE27A-0A52-4C1A-BDC4-DCAC21C99C03}.Debug|Any CPU.ActiveCfg = Debug|Any CPU
		{B8BAE27A-0A52-4C1A-BDC4-DCAC21C99C03}.Debug|Any CPU.Build.0 = Debug|Any CPU
		{B8BAE27A-0A52-4C1A-BDC4-DCAC21C99C03}.Release|Any CPU.ActiveCfg = Release|Any CPU
		{B8BAE27A-0A52-4C1A-BDC4-DCAC21C99C03}.Release|Any CPU.Build.0 = Release|Any CPU
	EndGlobalSection
	GlobalSection(SolutionProperties) = preSolution
		HideSolutionNode = FALSE
	EndGlobalSection
	GlobalSection(ExtensibilityGlobals) = postSolution
		SolutionGuid = {E9FA5BCF-2DB4-4630-BBF4-730CC5EDDB6E}
	EndGlobalSection
EndGlobal
